
Microsoft Visual Studio Solution File, Format Version 12.00
# Visual Studio Version 17
VisualStudioVersion = 17.10.35013.160
MinimumVisualStudioVersion = 10.0.40219.1
Project("{FAE04EC0-301F-11D3-BF4B-00C04F79EFBC}") = "EF_Core", "EF_Core\EF_Core.csproj", "{1026397C-3CF1-4C2F-9197-38699EC4EE54}"
EndProject
Global
	GlobalSection(SolutionConfigurationPlatforms) = preSolution
		Debug|Any CPU = Debug|Any CPU
		Release|Any CPU = Release|Any CPU
	EndGlobalSection
	GlobalSection(ProjectConfigurationPlatforms) = postSolution
		{1026397C-3CF1-4C2F-9197-38699EC4EE54}.Debug|Any CPU.ActiveCfg = Debug|Any CPU
		{1026397C-3CF1-4C2F-9197-38699EC4EE54}.Debug|Any CPU.Build.0 = Debug|Any CPU
		{1026397C-3CF1-4C2F-9197-38699EC4EE54}.Release|Any CPU.ActiveCfg = Release|Any CPU
		{1026397C-3CF1-4C2F-9197-38699EC4EE54}.Release|Any CPU.Build.0 = Release|Any CPU
	EndGlobalSection
	GlobalSection(SolutionProperties) = preSolution
		HideSolutionNode = FALSE
	EndGlobalSection
	GlobalSection(ExtensibilityGlobals) = postSolution
		SolutionGuid = {D6D98DB5-1152-4EC2-8E4B-5D6FA0A5E612}
	EndGlobalSection
EndGlobal
