
Microsoft Visual Studio Solution File, Format Version 12.00
# Visual Studio Version 17
VisualStudioVersion = 17.10.35013.160
MinimumVisualStudioVersion = 10.0.40219.1
Project("{9A19103F-16F7-4668-BE54-9A1E7A4F7556}") = "cf3", "cf3\cf3.csproj", "{B087F82B-1014-4DA4-A620-EF7B1558FFDF}"
EndProject
Project("{9A19103F-16F7-4668-BE54-9A1E7A4F7556}") = "cfCore_2", "cfCore_2\cfCore_2.csproj", "{FB14AD3C-51EA-4195-9C9A-1BC0BA76AB07}"
EndProject
Project("{9A19103F-16F7-4668-BE54-9A1E7A4F7556}") = "ConsoleApp1", "ConsoleApp1\ConsoleApp1.csproj", "{9F53D75D-CE2F-4ED6-8F01-BCCF0392002F}"
EndProject
Project("{FAE04EC0-301F-11D3-BF4B-00C04F79EFBC}") = "efPower", "efPower\efPower.csproj", "{08402588-BDBE-4322-998F-5EFCD9596664}"
EndProject
Global
	GlobalSection(SolutionConfigurationPlatforms) = preSolution
		Debug|Any CPU = Debug|Any CPU
		Release|Any CPU = Release|Any CPU
	EndGlobalSection
	GlobalSection(ProjectConfigurationPlatforms) = postSolution
		{B087F82B-1014-4DA4-A620-EF7B1558FFDF}.Debug|Any CPU.ActiveCfg = Debug|Any CPU
		{B087F82B-1014-4DA4-A620-EF7B1558FFDF}.Debug|Any CPU.Build.0 = Debug|Any CPU
		{B087F82B-1014-4DA4-A620-EF7B1558FFDF}.Release|Any CPU.ActiveCfg = Release|Any CPU
		{B087F82B-1014-4DA4-A620-EF7B1558FFDF}.Release|Any CPU.Build.0 = Release|Any CPU
		{FB14AD3C-51EA-4195-9C9A-1BC0BA76AB07}.Debug|Any CPU.ActiveCfg = Debug|Any CPU
		{FB14AD3C-51EA-4195-9C9A-1BC0BA76AB07}.Debug|Any CPU.Build.0 = Debug|Any CPU
		{FB14AD3C-51EA-4195-9C9A-1BC0BA76AB07}.Release|Any CPU.ActiveCfg = Release|Any CPU
		{FB14AD3C-51EA-4195-9C9A-1BC0BA76AB07}.Release|Any CPU.Build.0 = Release|Any CPU
		{9F53D75D-CE2F-4ED6-8F01-BCCF0392002F}.Debug|Any CPU.ActiveCfg = Debug|Any CPU
		{9F53D75D-CE2F-4ED6-8F01-BCCF0392002F}.Debug|Any CPU.Build.0 = Debug|Any CPU
		{9F53D75D-CE2F-4ED6-8F01-BCCF0392002F}.Release|Any CPU.ActiveCfg = Release|Any CPU
		{9F53D75D-CE2F-4ED6-8F01-BCCF0392002F}.Release|Any CPU.Build.0 = Release|Any CPU
		{08402588-BDBE-4322-998F-5EFCD9596664}.Debug|Any CPU.ActiveCfg = Debug|Any CPU
		{08402588-BDBE-4322-998F-5EFCD9596664}.Debug|Any CPU.Build.0 = Debug|Any CPU
		{08402588-BDBE-4322-998F-5EFCD9596664}.Release|Any CPU.ActiveCfg = Release|Any CPU
		{08402588-BDBE-4322-998F-5EFCD9596664}.Release|Any CPU.Build.0 = Release|Any CPU
	EndGlobalSection
	GlobalSection(SolutionProperties) = preSolution
		HideSolutionNode = FALSE
	EndGlobalSection
	GlobalSection(ExtensibilityGlobals) = postSolution
		SolutionGuid = {C7D09CFB-A4CF-4C02-8B5B-7EA61B599CA4}
	EndGlobalSection
EndGlobal
